// !$*UTF8*$!
{
	archiveVersion = 1;
	classes = {
	};
	objectVersion = 55;
	objects = {

/* Begin PBXBuildFile section */
		1AE73A3C28B7497C00CAD229 /* AppDelegate.swift in Sources */ = {isa = PBXBuildFile; fileRef = 1AE73A3B28B7497C00CAD229 /* AppDelegate.swift */; };
		1AE73A3E28B7497C00CAD229 /* SceneDelegate.swift in Sources */ = {isa = PBXBuildFile; fileRef = 1AE73A3D28B7497C00CAD229 /* SceneDelegate.swift */; };
		1AE73A4028B7497C00CAD229 /* ViewController.swift in Sources */ = {isa = PBXBuildFile; fileRef = 1AE73A3F28B7497C00CAD229 /* ViewController.swift */; };
		1AE73A4328B7497C00CAD229 /* Main.storyboard in Resources */ = {isa = PBXBuildFile; fileRef = 1AE73A4128B7497C00CAD229 /* Main.storyboard */; };
		1AE73A4528B7498000CAD229 /* Assets.xcassets in Resources */ = {isa = PBXBuildFile; fileRef = 1AE73A4428B7498000CAD229 /* Assets.xcassets */; };
		1AE73A4828B7498000CAD229 /* LaunchScreen.storyboard in Resources */ = {isa = PBXBuildFile; fileRef = 1AE73A4628B7498000CAD229 /* LaunchScreen.storyboard */; };
		1AE73A5328B7498100CAD229 /* ExampleCITests.swift in Sources */ = {isa = PBXBuildFile; fileRef = 1AE73A5228B7498100CAD229 /* ExampleCITests.swift */; };
		1AE73A5D28B7498100CAD229 /* ExampleCIUITests.swift in Sources */ = {isa = PBXBuildFile; fileRef = 1AE73A5C28B7498100CAD229 /* ExampleCIUITests.swift */; };
		1AE73A5F28B7498100CAD229 /* ExampleCIUITestsLaunchTests.swift in Sources */ = {isa = PBXBuildFile; fileRef = 1AE73A5E28B7498100CAD229 /* ExampleCIUITestsLaunchTests.swift */; };
/* End PBXBuildFile section */

/* Begin PBXContainerItemProxy section */
		1AE73A4F28B7498100CAD229 /* PBXContainerItemProxy */ = {
			isa = PBXContainerItemProxy;
			containerPortal = 1AE73A3028B7497C00CAD229 /* Project object */;
			proxyType = 1;
			remoteGlobalIDString = 1AE73A3728B7497C00CAD229;
			remoteInfo = ExampleCI;
		};
		1AE73A5928B7498100CAD229 /* PBXContainerItemProxy */ = {
			isa = PBXContainerItemProxy;
			containerPortal = 1AE73A3028B7497C00CAD229 /* Project object */;
			proxyType = 1;
			remoteGlobalIDString = 1AE73A3728B7497C00CAD229;
			remoteInfo = ExampleCI;
		};
/* End PBXContainerItemProxy section */

/* Begin PBXFileReference section */
		1AE73A3828B7497C00CAD229 /* ExampleCI.app */ = {isa = PBXFileReference; explicitFileType = wrapper.application; includeInIndex = 0; path = ExampleCI.app; sourceTree = BUILT_PRODUCTS_DIR; };
		1AE73A3B28B7497C00CAD229 /* AppDelegate.swift */ = {isa = PBXFileReference; lastKnownFileType = sourcecode.swift; path = AppDelegate.swift; sourceTree = "<group>"; };
		1AE73A3D28B7497C00CAD229 /* SceneDelegate.swift */ = {isa = PBXFileReference; lastKnownFileType = sourcecode.swift; path = SceneDelegate.swift; sourceTree = "<group>"; };
		1AE73A3F28B7497C00CAD229 /* ViewController.swift */ = {isa = PBXFileReference; lastKnownFileType = sourcecode.swift; path = ViewController.swift; sourceTree = "<group>"; };
		1AE73A4228B7497C00CAD229 /* Base */ = {isa = PBXFileReference; lastKnownFileType = file.storyboard; name = Base; path = Base.lproj/Main.storyboard; sourceTree = "<group>"; };
		1AE73A4428B7498000CAD229 /* Assets.xcassets */ = {isa = PBXFileReference; lastKnownFileType = folder.assetcatalog; path = Assets.xcassets; sourceTree = "<group>"; };
		1AE73A4728B7498000CAD229 /* Base */ = {isa = PBXFileReference; lastKnownFileType = file.storyboard; name = Base; path = Base.lproj/LaunchScreen.storyboard; sourceTree = "<group>"; };
		1AE73A4928B7498000CAD229 /* Info.plist */ = {isa = PBXFileReference; lastKnownFileType = text.plist.xml; path = Info.plist; sourceTree = "<group>"; };
		1AE73A4E28B7498100CAD229 /* ExampleCITests.xctest */ = {isa = PBXFileReference; explicitFileType = wrapper.cfbundle; includeInIndex = 0; path = ExampleCITests.xctest; sourceTree = BUILT_PRODUCTS_DIR; };
		1AE73A5228B7498100CAD229 /* ExampleCITests.swift */ = {isa = PBXFileReference; lastKnownFileType = sourcecode.swift; path = ExampleCITests.swift; sourceTree = "<group>"; };
		1AE73A5828B7498100CAD229 /* ExampleCIUITests.xctest */ = {isa = PBXFileReference; explicitFileType = wrapper.cfbundle; includeInIndex = 0; path = ExampleCIUITests.xctest; sourceTree = BUILT_PRODUCTS_DIR; };
		1AE73A5C28B7498100CAD229 /* ExampleCIUITests.swift */ = {isa = PBXFileReference; lastKnownFileType = sourcecode.swift; path = ExampleCIUITests.swift; sourceTree = "<group>"; };
		1AE73A5E28B7498100CAD229 /* ExampleCIUITestsLaunchTests.swift */ = {isa = PBXFileReference; lastKnownFileType = sourcecode.swift; path = ExampleCIUITestsLaunchTests.swift; sourceTree = "<group>"; };
/* End PBXFileReference section */

/* Begin PBXFrameworksBuildPhase section */
		1AE73A3528B7497C00CAD229 /* Frameworks */ = {
			isa = PBXFrameworksBuildPhase;
			buildActionMask = 2147483647;
			files = (
			);
			runOnlyForDeploymentPostprocessing = 0;
		};
		1AE73A4B28B7498100CAD229 /* Frameworks */ = {
			isa = PBXFrameworksBuildPhase;
			buildActionMask = 2147483647;
			files = (
			);
			runOnlyForDeploymentPostprocessing = 0;
		};
		1AE73A5528B7498100CAD229 /* Frameworks */ = {
			isa = PBXFrameworksBuildPhase;
			buildActionMask = 2147483647;
			files = (
			);
			runOnlyForDeploymentPostprocessing = 0;
		};
/* End PBXFrameworksBuildPhase section */

/* Begin PBXGroup section */
		1AE73A2F28B7497C00CAD229 = {
			isa = PBXGroup;
			children = (
				1AE73A3A28B7497C00CAD229 /* ExampleCI */,
				1AE73A5128B7498100CAD229 /* ExampleCITests */,
				1AE73A5B28B7498100CAD229 /* ExampleCIUITests */,
				1AE73A3928B7497C00CAD229 /* Products */,
			);
			sourceTree = "<group>";
		};
		1AE73A3928B7497C00CAD229 /* Products */ = {
			isa = PBXGroup;
			children = (
				1AE73A3828B7497C00CAD229 /* ExampleCI.app */,
				1AE73A4E28B7498100CAD229 /* ExampleCITests.xctest */,
				1AE73A5828B7498100CAD229 /* ExampleCIUITests.xctest */,
			);
			name = Products;
			sourceTree = "<group>";
		};
		1AE73A3A28B7497C00CAD229 /* ExampleCI */ = {
			isa = PBXGroup;
			children = (
				1AE73A3B28B7497C00CAD229 /* AppDelegate.swift */,
				1AE73A3D28B7497C00CAD229 /* SceneDelegate.swift */,
				1AE73A3F28B7497C00CAD229 /* ViewController.swift */,
				1AE73A4128B7497C00CAD229 /* Main.storyboard */,
				1AE73A4428B7498000CAD229 /* Assets.xcassets */,
				1AE73A4628B7498000CAD229 /* LaunchScreen.storyboard */,
				1AE73A4928B7498000CAD229 /* Info.plist */,
			);
			path = ExampleCI;
			sourceTree = "<group>";
		};
		1AE73A5128B7498100CAD229 /* ExampleCITests */ = {
			isa = PBXGroup;
			children = (
				1AE73A5228B7498100CAD229 /* ExampleCITests.swift */,
			);
			path = ExampleCITests;
			sourceTree = "<group>";
		};
		1AE73A5B28B7498100CAD229 /* ExampleCIUITests */ = {
			isa = PBXGroup;
			children = (
				1AE73A5C28B7498100CAD229 /* ExampleCIUITests.swift */,
				1AE73A5E28B7498100CAD229 /* ExampleCIUITestsLaunchTests.swift */,
			);
			path = ExampleCIUITests;
			sourceTree = "<group>";
		};
/* End PBXGroup section */

/* Begin PBXNativeTarget section */
		1AE73A3728B7497C00CAD229 /* ExampleCI */ = {
			isa = PBXNativeTarget;
			buildConfigurationList = 1AE73A6228B7498100CAD229 /* Build configuration list for PBXNativeTarget "ExampleCI" */;
			buildPhases = (
				1AE73A3428B7497C00CAD229 /* Sources */,
				1AE73A3528B7497C00CAD229 /* Frameworks */,
				1AE73A3628B7497C00CAD229 /* Resources */,
			);
			buildRules = (
			);
			dependencies = (
			);
			name = ExampleCI;
			productName = ExampleCI;
			productReference = 1AE73A3828B7497C00CAD229 /* ExampleCI.app */;
			productType = "com.apple.product-type.application";
		};
		1AE73A4D28B7498100CAD229 /* ExampleCITests */ = {
			isa = PBXNativeTarget;
			buildConfigurationList = 1AE73A6528B7498100CAD229 /* Build configuration list for PBXNativeTarget "ExampleCITests" */;
			buildPhases = (
				1AE73A4A28B7498100CAD229 /* Sources */,
				1AE73A4B28B7498100CAD229 /* Frameworks */,
				1AE73A4C28B7498100CAD229 /* Resources */,
			);
			buildRules = (
			);
			dependencies = (
				1AE73A5028B7498100CAD229 /* PBXTargetDependency */,
			);
			name = ExampleCITests;
			productName = ExampleCITests;
			productReference = 1AE73A4E28B7498100CAD229 /* ExampleCITests.xctest */;
			productType = "com.apple.product-type.bundle.unit-test";
		};
		1AE73A5728B7498100CAD229 /* ExampleCIUITests */ = {
			isa = PBXNativeTarget;
			buildConfigurationList = 1AE73A6828B7498100CAD229 /* Build configuration list for PBXNativeTarget "ExampleCIUITests" */;
			buildPhases = (
				1AE73A5428B7498100CAD229 /* Sources */,
				1AE73A5528B7498100CAD229 /* Frameworks */,
				1AE73A5628B7498100CAD229 /* Resources */,
			);
			buildRules = (
			);
			dependencies = (
				1AE73A5A28B7498100CAD229 /* PBXTargetDependency */,
			);
			name = ExampleCIUITests;
			productName = ExampleCIUITests;
			productReference = 1AE73A5828B7498100CAD229 /* ExampleCIUITests.xctest */;
			productType = "com.apple.product-type.bundle.ui-testing";
		};
/* End PBXNativeTarget section */

/* Begin PBXProject section */
		1AE73A3028B7497C00CAD229 /* Project object */ = {
			isa = PBXProject;
			attributes = {
				BuildIndependentTargetsInParallel = 1;
				LastSwiftUpdateCheck = 1330;
				LastUpgradeCheck = 1330;
				TargetAttributes = {
					1AE73A3728B7497C00CAD229 = {
						CreatedOnToolsVersion = 13.3;
					};
					1AE73A4D28B7498100CAD229 = {
						CreatedOnToolsVersion = 13.3;
						TestTargetID = 1AE73A3728B7497C00CAD229;
					};
					1AE73A5728B7498100CAD229 = {
						CreatedOnToolsVersion = 13.3;
						TestTargetID = 1AE73A3728B7497C00CAD229;
					};
				};
			};
			buildConfigurationList = 1AE73A3328B7497C00CAD229 /* Build configuration list for PBXProject "ExampleCI" */;
			compatibilityVersion = "Xcode 13.0";
			developmentRegion = en;
			hasScannedForEncodings = 0;
			knownRegions = (
				en,
				Base,
			);
			mainGroup = 1AE73A2F28B7497C00CAD229;
			productRefGroup = 1AE73A3928B7497C00CAD229 /* Products */;
			projectDirPath = "";
			projectRoot = "";
			targets = (
				1AE73A3728B7497C00CAD229 /* ExampleCI */,
				1AE73A4D28B7498100CAD229 /* ExampleCITests */,
				1AE73A5728B7498100CAD229 /* ExampleCIUITests */,
			);
		};
/* End PBXProject section */

/* Begin PBXResourcesBuildPhase section */
		1AE73A3628B7497C00CAD229 /* Resources */ = {
			isa = PBXResourcesBuildPhase;
			buildActionMask = 2147483647;
			files = (
				1AE73A4828B7498000CAD229 /* LaunchScreen.storyboard in Resources */,
				1AE73A4528B7498000CAD229 /* Assets.xcassets in Resources */,
				1AE73A4328B7497C00CAD229 /* Main.storyboard in Resources */,
			);
			runOnlyForDeploymentPostprocessing = 0;
		};
		1AE73A4C28B7498100CAD229 /* Resources */ = {
			isa = PBXResourcesBuildPhase;
			buildActionMask = 2147483647;
			files = (
			);
			runOnlyForDeploymentPostprocessing = 0;
		};
		1AE73A5628B7498100CAD229 /* Resources */ = {
			isa = PBXResourcesBuildPhase;
			buildActionMask = 2147483647;
			files = (
			);
			runOnlyForDeploymentPostprocessing = 0;
		};
/* End PBXResourcesBuildPhase section */

/* Begin PBXSourcesBuildPhase section */
		1AE73A3428B7497C00CAD229 /* Sources */ = {
			isa = PBXSourcesBuildPhase;
			buildActionMask = 2147483647;
			files = (
				1AE73A4028B7497C00CAD229 /* ViewController.swift in Sources */,
				1AE73A3C28B7497C00CAD229 /* AppDelegate.swift in Sources */,
				1AE73A3E28B7497C00CAD229 /* SceneDelegate.swift in Sources */,
			);
			runOnlyForDeploymentPostprocessing = 0;
		};
		1AE73A4A28B7498100CAD229 /* Sources */ = {
			isa = PBXSourcesBuildPhase;
			buildActionMask = 2147483647;
			files = (
				1AE73A5328B7498100CAD229 /* ExampleCITests.swift in Sources */,
			);
			runOnlyForDeploymentPostprocessing = 0;
		};
		1AE73A5428B7498100CAD229 /* Sources */ = {
			isa = PBXSourcesBuildPhase;
			buildActionMask = 2147483647;
			files = (
				1AE73A5D28B7498100CAD229 /* ExampleCIUITests.swift in Sources */,
				1AE73A5F28B7498100CAD229 /* ExampleCIUITestsLaunchTests.swift in Sources */,
			);
			runOnlyForDeploymentPostprocessing = 0;
		};
/* End PBXSourcesBuildPhase section */

/* Begin PBXTargetDependency section */
		1AE73A5028B7498100CAD229 /* PBXTargetDependency */ = {
			isa = PBXTargetDependency;
			target = 1AE73A3728B7497C00CAD229 /* ExampleCI */;
			targetProxy = 1AE73A4F28B7498100CAD229 /* PBXContainerItemProxy */;
		};
		1AE73A5A28B7498100CAD229 /* PBXTargetDependency */ = {
			isa = PBXTargetDependency;
			target = 1AE73A3728B7497C00CAD229 /* ExampleCI */;
			targetProxy = 1AE73A5928B7498100CAD229 /* PBXContainerItemProxy */;
		};
/* End PBXTargetDependency section */

/* Begin PBXVariantGroup section */
		1AE73A4128B7497C00CAD229 /* Main.storyboard */ = {
			isa = PBXVariantGroup;
			children = (
				1AE73A4228B7497C00CAD229 /* Base */,
			);
			name = Main.storyboard;
			sourceTree = "<group>";
		};
		1AE73A4628B7498000CAD229 /* LaunchScreen.storyboard */ = {
			isa = PBXVariantGroup;
			children = (
				1AE73A4728B7498000CAD229 /* Base */,
			);
			name = LaunchScreen.storyboard;
			sourceTree = "<group>";
		};
/* End PBXVariantGroup section */

/* Begin XCBuildConfiguration section */
		1AE73A6028B7498100CAD229 /* Debug */ = {
			isa = XCBuildConfiguration;
			buildSettings = {
				ALWAYS_SEARCH_USER_PATHS = NO;
				CLANG_ANALYZER_NONNULL = YES;
				CLANG_ANALYZER_NUMBER_OBJECT_CONVERSION = YES_AGGRESSIVE;
				CLANG_CXX_LANGUAGE_STANDARD = "gnu++17";
				CLANG_ENABLE_MODULES = YES;
				CLANG_ENABLE_OBJC_ARC = YES;
				CLANG_ENABLE_OBJC_WEAK = YES;
				CLANG_WARN_BLOCK_CAPTURE_AUTORELEASING = YES;
				CLANG_WARN_BOOL_CONVERSION = YES;
				CLANG_WARN_COMMA = YES;
				CLANG_WARN_CONSTANT_CONVERSION = YES;
				CLANG_WARN_DEPRECATED_OBJC_IMPLEMENTATIONS = YES;
				CLANG_WARN_DIRECT_OBJC_ISA_USAGE = YES_ERROR;
				CLANG_WARN_DOCUMENTATION_COMMENTS = YES;
				CLANG_WARN_EMPTY_BODY = YES;
				CLANG_WARN_ENUM_CONVERSION = YES;
				CLANG_WARN_INFINITE_RECURSION = YES;
				CLANG_WARN_INT_CONVERSION = YES;
				CLANG_WARN_NON_LITERAL_NULL_CONVERSION = YES;
				CLANG_WARN_OBJC_IMPLICIT_RETAIN_SELF = YES;
				CLANG_WARN_OBJC_LITERAL_CONVERSION = YES;
				CLANG_WARN_OBJC_ROOT_CLASS = YES_ERROR;
				CLANG_WARN_QUOTED_INCLUDE_IN_FRAMEWORK_HEADER = YES;
				CLANG_WARN_RANGE_LOOP_ANALYSIS = YES;
				CLANG_WARN_STRICT_PROTOTYPES = YES;
				CLANG_WARN_SUSPICIOUS_MOVE = YES;
				CLANG_WARN_UNGUARDED_AVAILABILITY = YES_AGGRESSIVE;
				CLANG_WARN_UNREACHABLE_CODE = YES;
				CLANG_WARN__DUPLICATE_METHOD_MATCH = YES;
				COPY_PHASE_STRIP = NO;
				DEBUG_INFORMATION_FORMAT = dwarf;
				ENABLE_STRICT_OBJC_MSGSEND = YES;
				ENABLE_TESTABILITY = YES;
				GCC_C_LANGUAGE_STANDARD = gnu11;
				GCC_DYNAMIC_NO_PIC = NO;
				GCC_NO_COMMON_BLOCKS = YES;
				GCC_OPTIMIZATION_LEVEL = 0;
				GCC_PREPROCESSOR_DEFINITIONS = (
					"DEBUG=1",
					"$(inherited)",
				);
				GCC_WARN_64_TO_32_BIT_CONVERSION = YES;
				GCC_WARN_ABOUT_RETURN_TYPE = YES_ERROR;
				GCC_WARN_UNDECLARED_SELECTOR = YES;
				GCC_WARN_UNINITIALIZED_AUTOS = YES_AGGRESSIVE;
				GCC_WARN_UNUSED_FUNCTION = YES;
				GCC_WARN_UNUSED_VARIABLE = YES;
				IPHONEOS_DEPLOYMENT_TARGET = 15.4;
				MTL_ENABLE_DEBUG_INFO = INCLUDE_SOURCE;
				MTL_FAST_MATH = YES;
				ONLY_ACTIVE_ARCH = YES;
				SDKROOT = iphoneos;
				SWIFT_ACTIVE_COMPILATION_CONDITIONS = DEBUG;
				SWIFT_OPTIMIZATION_LEVEL = "-Onone";
			};
			name = Debug;
		};
		1AE73A6128B7498100CAD229 /* Release */ = {
			isa = XCBuildConfiguration;
			buildSettings = {
				ALWAYS_SEARCH_USER_PATHS = NO;
				CLANG_ANALYZER_NONNULL = YES;
				CLANG_ANALYZER_NUMBER_OBJECT_CONVERSION = YES_AGGRESSIVE;
				CLANG_CXX_LANGUAGE_STANDARD = "gnu++17";
				CLANG_ENABLE_MODULES = YES;
				CLANG_ENABLE_OBJC_ARC = YES;
				CLANG_ENABLE_OBJC_WEAK = YES;
				CLANG_WARN_BLOCK_CAPTURE_AUTORELEASING = YES;
				CLANG_WARN_BOOL_CONVERSION = YES;
				CLANG_WARN_COMMA = YES;
				CLANG_WARN_CONSTANT_CONVERSION = YES;
				CLANG_WARN_DEPRECATED_OBJC_IMPLEMENTATIONS = YES;
				CLANG_WARN_DIRECT_OBJC_ISA_USAGE = YES_ERROR;
				CLANG_WARN_DOCUMENTATION_COMMENTS = YES;
				CLANG_WARN_EMPTY_BODY = YES;
				CLANG_WARN_ENUM_CONVERSION = YES;
				CLANG_WARN_INFINITE_RECURSION = YES;
				CLANG_WARN_INT_CONVERSION = YES;
				CLANG_WARN_NON_LITERAL_NULL_CONVERSION = YES;
				CLANG_WARN_OBJC_IMPLICIT_RETAIN_SELF = YES;
				CLANG_WARN_OBJC_LITERAL_CONVERSION = YES;
				CLANG_WARN_OBJC_ROOT_CLASS = YES_ERROR;
				CLANG_WARN_QUOTED_INCLUDE_IN_FRAMEWORK_HEADER = YES;
				CLANG_WARN_RANGE_LOOP_ANALYSIS = YES;
				CLANG_WARN_STRICT_PROTOTYPES = YES;
				CLANG_WARN_SUSPICIOUS_MOVE = YES;
				CLANG_WARN_UNGUARDED_AVAILABILITY = YES_AGGRESSIVE;
				CLANG_WARN_UNREACHABLE_CODE = YES;
				CLANG_WARN__DUPLICATE_METHOD_MATCH = YES;
				COPY_PHASE_STRIP = NO;
				DEBUG_INFORMATION_FORMAT = "dwarf-with-dsym";
				ENABLE_NS_ASSERTIONS = NO;
				ENABLE_STRICT_OBJC_MSGSEND = YES;
				GCC_C_LANGUAGE_STANDARD = gnu11;
				GCC_NO_COMMON_BLOCKS = YES;
				GCC_WARN_64_TO_32_BIT_CONVERSION = YES;
				GCC_WARN_ABOUT_RETURN_TYPE = YES_ERROR;
				GCC_WARN_UNDECLARED_SELECTOR = YES;
				GCC_WARN_UNINITIALIZED_AUTOS = YES_AGGRESSIVE;
				GCC_WARN_UNUSED_FUNCTION = YES;
				GCC_WARN_UNUSED_VARIABLE = YES;
				IPHONEOS_DEPLOYMENT_TARGET = 15.4;
				MTL_ENABLE_DEBUG_INFO = NO;
				MTL_FAST_MATH = YES;
				SDKROOT = iphoneos;
				SWIFT_COMPILATION_MODE = wholemodule;
				SWIFT_OPTIMIZATION_LEVEL = "-O";
				VALIDATE_PRODUCT = YES;
			};
			name = Release;
		};
		1AE73A6328B7498100CAD229 /* Debug */ = {
			isa = XCBuildConfiguration;
			buildSettings = {
				ASSETCATALOG_COMPILER_APPICON_NAME = AppIcon;
				ASSETCATALOG_COMPILER_GLOBAL_ACCENT_COLOR_NAME = AccentColor;
				CODE_SIGN_STYLE = Automatic;
				CURRENT_PROJECT_VERSION = 1;
				DEVELOPMENT_TEAM = JNQT23ZXHU;
				GENERATE_INFOPLIST_FILE = YES;
				INFOPLIST_FILE = ExampleCI/Info.plist;
				INFOPLIST_KEY_UIApplicationSupportsIndirectInputEvents = YES;
				INFOPLIST_KEY_UILaunchStoryboardName = LaunchScreen;
				INFOPLIST_KEY_UIMainStoryboardFile = Main;
				INFOPLIST_KEY_UISupportedInterfaceOrientations_iPad = "UIInterfaceOrientationPortrait UIInterfaceOrientationPortraitUpsideDown UIInterfaceOrientationLandscapeLeft UIInterfaceOrientationLandscapeRight";
				INFOPLIST_KEY_UISupportedInterfaceOrientations_iPhone = "UIInterfaceOrientationPortrait UIInterfaceOrientationLandscapeLeft UIInterfaceOrientationLandscapeRight";
				LD_RUNPATH_SEARCH_PATHS = (
					"$(inherited)",
					"@executable_path/Frameworks",
				);
				MARKETING_VERSION = 1.0;
				PRODUCT_BUNDLE_IDENTIFIER = com.com.ExampleCI;
				PRODUCT_NAME = "$(TARGET_NAME)";
				SWIFT_EMIT_LOC_STRINGS = YES;
				SWIFT_VERSION = 5.0;
				TARGETED_DEVICE_FAMILY = "1,2";
			};
			name = Debug;
		};
		1AE73A6428B7498100CAD229 /* Release */ = {
			isa = XCBuildConfiguration;
			buildSettings = {
				ASSETCATALOG_COMPILER_APPICON_NAME = AppIcon;
				ASSETCATALOG_COMPILER_GLOBAL_ACCENT_COLOR_NAME = AccentColor;
				CODE_SIGN_STYLE = Automatic;
				CURRENT_PROJECT_VERSION = 1;
				DEVELOPMENT_TEAM = JNQT23ZXHU;
				GENERATE_INFOPLIST_FILE = YES;
				INFOPLIST_FILE = ExampleCI/Info.plist;
				INFOPLIST_KEY_UIApplicationSupportsIndirectInputEvents = YES;
				INFOPLIST_KEY_UILaunchStoryboardName = LaunchScreen;
				INFOPLIST_KEY_UIMainStoryboardFile = Main;
				INFOPLIST_KEY_UISupportedInterfaceOrientations_iPad = "UIInterfaceOrientationPortrait UIInterfaceOrientationPortraitUpsideDown UIInterfaceOrientationLandscapeLeft UIInterfaceOrientationLandscapeRight";
				INFOPLIST_KEY_UISupportedInterfaceOrientations_iPhone = "UIInterfaceOrientationPortrait UIInterfaceOrientationLandscapeLeft UIInterfaceOrientationLandscapeRight";
				LD_RUNPATH_SEARCH_PATHS = (
					"$(inherited)",
					"@executable_path/Frameworks",
				);
				MARKETING_VERSION = 1.0;
				PRODUCT_BUNDLE_IDENTIFIER = com.com.ExampleCI;
				PRODUCT_NAME = "$(TARGET_NAME)";
				SWIFT_EMIT_LOC_STRINGS = YES;
				SWIFT_VERSION = 5.0;
				TARGETED_DEVICE_FAMILY = "1,2";
			};
			name = Release;
		};
		1AE73A6628B7498100CAD229 /* Debug */ = {
			isa = XCBuildConfiguration;
			buildSettings = {
				ALWAYS_EMBED_SWIFT_STANDARD_LIBRARIES = YES;
				BUNDLE_LOADER = "$(TEST_HOST)";
				CODE_SIGN_STYLE = Automatic;
				CURRENT_PROJECT_VERSION = 1;
				DEVELOPMENT_TEAM = JNQT23ZXHU;
				GENERATE_INFOPLIST_FILE = YES;
				IPHONEOS_DEPLOYMENT_TARGET = 15.4;
				MARKETING_VERSION = 1.0;
				PRODUCT_BUNDLE_IDENTIFIER = com.com.ExampleCITests;
				PRODUCT_NAME = "$(TARGET_NAME)";
				SWIFT_EMIT_LOC_STRINGS = NO;
				SWIFT_VERSION = 5.0;
				TARGETED_DEVICE_FAMILY = "1,2";
				TEST_HOST = "$(BUILT_PRODUCTS_DIR)/ExampleCI.app/ExampleCI";
			};
			name = Debug;
		};
		1AE73A6728B7498100CAD229 /* Release */ = {
			isa = XCBuildConfiguration;
			buildSettings = {
				ALWAYS_EMBED_SWIFT_STANDARD_LIBRARIES = YES;
				BUNDLE_LOADER = "$(TEST_HOST)";
				CODE_SIGN_STYLE = Automatic;
				CURRENT_PROJECT_VERSION = 1;
				DEVELOPMENT_TEAM = JNQT23ZXHU;
				GENERATE_INFOPLIST_FILE = YES;
				IPHONEOS_DEPLOYMENT_TARGET = 15.4;
				MARKETING_VERSION = 1.0;
				PRODUCT_BUNDLE_IDENTIFIER = com.com.ExampleCITests;
				PRODUCT_NAME = "$(TARGET_NAME)";
				SWIFT_EMIT_LOC_STRINGS = NO;
				SWIFT_VERSION = 5.0;
				TARGETED_DEVICE_FAMILY = "1,2";
				TEST_HOST = "$(BUILT_PRODUCTS_DIR)/ExampleCI.app/ExampleCI";
			};
			name = Release;
		};
		1AE73A6928B7498100CAD229 /* Debug */ = {
			isa = XCBuildConfiguration;
			buildSettings = {
				ALWAYS_EMBED_SWIFT_STANDARD_LIBRARIES = YES;
				CODE_SIGN_STYLE = Automatic;
				CURRENT_PROJECT_VERSION = 1;
				DEVELOPMENT_TEAM = JNQT23ZXHU;
				GENERATE_INFOPLIST_FILE = YES;
				MARKETING_VERSION = 1.0;
				PRODUCT_BUNDLE_IDENTIFIER = com.com.ExampleCIUITests;
				PRODUCT_NAME = "$(TARGET_NAME)";
				SWIFT_EMIT_LOC_STRINGS = NO;
				SWIFT_VERSION = 5.0;
				TARGETED_DEVICE_FAMILY = "1,2";
				TEST_TARGET_NAME = ExampleCI;
			};
			name = Debug;
		};
		1AE73A6A28B7498100CAD229 /* Release */ = {
			isa = XCBuildConfiguration;
			buildSettings = {
				ALWAYS_EMBED_SWIFT_STANDARD_LIBRARIES = YES;
				CODE_SIGN_STYLE = Automatic;
				CURRENT_PROJECT_VERSION = 1;
				DEVELOPMENT_TEAM = JNQT23ZXHU;
				GENERATE_INFOPLIST_FILE = YES;
				MARKETING_VERSION = 1.0;
				PRODUCT_BUNDLE_IDENTIFIER = com.com.ExampleCIUITests;
				PRODUCT_NAME = "$(TARGET_NAME)";
				SWIFT_EMIT_LOC_STRINGS = NO;
				SWIFT_VERSION = 5.0;
				TARGETED_DEVICE_FAMILY = "1,2";
				TEST_TARGET_NAME = ExampleCI;
			};
			name = Release;
		};
/* End XCBuildConfiguration section */

/* Begin XCConfigurationList section */
		1AE73A3328B7497C00CAD229 /* Build configuration list for PBXProject "ExampleCI" */ = {
			isa = XCConfigurationList;
			buildConfigurations = (
				1AE73A6028B7498100CAD229 /* Debug */,
				1AE73A6128B7498100CAD229 /* Release */,
			);
			defaultConfigurationIsVisible = 0;
			defaultConfigurationName = Release;
		};
		1AE73A6228B7498100CAD229 /* Build configuration list for PBXNativeTarget "ExampleCI" */ = {
			isa = XCConfigurationList;
			buildConfigurations = (
				1AE73A6328B7498100CAD229 /* Debug */,
				1AE73A6428B7498100CAD229 /* Release */,
			);
			defaultConfigurationIsVisible = 0;
			defaultConfigurationName = Release;
		};
		1AE73A6528B7498100CAD229 /* Build configuration list for PBXNativeTarget "ExampleCITests" */ = {
			isa = XCConfigurationList;
			buildConfigurations = (
				1AE73A6628B7498100CAD229 /* Debug */,
				1AE73A6728B7498100CAD229 /* Release */,
			);
			defaultConfigurationIsVisible = 0;
			defaultConfigurationName = Release;
		};
		1AE73A6828B7498100CAD229 /* Build configuration list for PBXNativeTarget "ExampleCIUITests" */ = {
			isa = XCConfigurationList;
			buildConfigurations = (
				1AE73A6928B7498100CAD229 /* Debug */,
				1AE73A6A28B7498100CAD229 /* Release */,
			);
			defaultConfigurationIsVisible = 0;
			defaultConfigurationName = Release;
		};
/* End XCConfigurationList section */
	};
	rootObject = 1AE73A3028B7497C00CAD229 /* Project object */;
}
